
Microsoft Visual Studio Solution File, Format Version 12.00
# Visual Studio Version 17
VisualStudioVersion = 17.0.31903.59
MinimumVisualStudioVersion = 10.0.40219.1
Project("{2150E333-8FDC-42A3-9474-1A3956D46DE8}") = "src", "src", "{827E0CD3-B72D-47B6-A68D-7590B98EB39B}"
EndProject
Project("{FAE04EC0-301F-11D3-BF4B-00C04F79EFBC}") = "ReClaw.Core", "src\ReClaw.Core\ReClaw.Core.csproj", "{A50634CC-CE81-48B2-AAC0-370714BA4F4A}"
EndProject
Project("{FAE04EC0-301F-11D3-BF4B-00C04F79EFBC}") = "ReClaw.Cli", "src\ReClaw.Cli\ReClaw.Cli.csproj", "{E517578E-6797-46B4-8A08-9C4A432E70CE}"
EndProject
Project("{2150E333-8FDC-42A3-9474-1A3956D46DE8}") = "tests", "tests", "{0AB3BF05-4346-4AA6-1389-037BE0695223}"
EndProject
Project("{FAE04EC0-301F-11D3-BF4B-00C04F79EFBC}") = "ReClaw.Core.Tests", "tests\ReClaw.Core.Tests\ReClaw.Core.Tests.csproj", "{ED3E52EE-E8AA-478D-801C-2A83A91DEA63}"
EndProject
Project("{FAE04EC0-301F-11D3-BF4B-00C04F79EFBC}") = "ReClaw.Cli.Tests", "tests\ReClaw.Cli.Tests\ReClaw.Cli.Tests.csproj", "{E22F8907-05B5-43CD-9632-7DA92261FD6B}"
EndProject
Project("{FAE04EC0-301F-11D3-BF4B-00C04F79EFBC}") = "ReClaw.Interop.Tests", "tests\ReClaw.Interop.Tests\ReClaw.Interop.Tests.csproj", "{B0047A76-891D-46FD-981F-371EF0C2FCD5}"
EndProject
Project("{FAE04EC0-301F-11D3-BF4B-00C04F79EFBC}") = "ReClaw.Desktop.Tests", "tests\ReClaw.Desktop.Tests\ReClaw.Desktop.Tests.csproj", "{5B54C5A2-7D31-4A7E-9E1B-5F7461CDE10E}"
EndProject
Project("{FAE04EC0-301F-11D3-BF4B-00C04F79EFBC}") = "ReClaw.App", "src\ReClaw.App\ReClaw.App.csproj", "{E532B2A9-50FB-401E-A577-13786A99A72A}"
EndProject
Project("{FAE04EC0-301F-11D3-BF4B-00C04F79EFBC}") = "ReClaw.Desktop", "src\ReClaw.Desktop\ReClaw.Desktop.csproj", "{DC6A294E-8AE9-4390-A00C-3458C580015D}"
EndProject
Global
	GlobalSection(SolutionConfigurationPlatforms) = preSolution
		Debug|Any CPU = Debug|Any CPU
		Debug|x64 = Debug|x64
		Debug|x86 = Debug|x86
		Release|Any CPU = Release|Any CPU
		Release|x64 = Release|x64
		Release|x86 = Release|x86
	EndGlobalSection
	GlobalSection(ProjectConfigurationPlatforms) = postSolution
		{A50634CC-CE81-48B2-AAC0-370714BA4F4A}.Debug|Any CPU.ActiveCfg = Debug|Any CPU
		{A50634CC-CE81-48B2-AAC0-370714BA4F4A}.Debug|Any CPU.Build.0 = Debug|Any CPU
		{A50634CC-CE81-48B2-AAC0-370714BA4F4A}.Debug|x64.ActiveCfg = Debug|Any CPU
		{A50634CC-CE81-48B2-AAC0-370714BA4F4A}.Debug|x64.Build.0 = Debug|Any CPU
		{A50634CC-CE81-48B2-AAC0-370714BA4F4A}.Debug|x86.ActiveCfg = Debug|Any CPU
		{A50634CC-CE81-48B2-AAC0-370714BA4F4A}.Debug|x86.Build.0 = Debug|Any CPU
		{A50634CC-CE81-48B2-AAC0-370714BA4F4A}.Release|Any CPU.ActiveCfg = Release|Any CPU
		{A50634CC-CE81-48B2-AAC0-370714BA4F4A}.Release|Any CPU.Build.0 = Release|Any CPU
		{A50634CC-CE81-48B2-AAC0-370714BA4F4A}.Release|x64.ActiveCfg = Release|Any CPU
		{A50634CC-CE81-48B2-AAC0-370714BA4F4A}.Release|x64.Build.0 = Release|Any CPU
		{A50634CC-CE81-48B2-AAC0-370714BA4F4A}.Release|x86.ActiveCfg = Release|Any CPU
		{A50634CC-CE81-48B2-AAC0-370714BA4F4A}.Release|x86.Build.0 = Release|Any CPU
		{E517578E-6797-46B4-8A08-9C4A432E70CE}.Debug|Any CPU.ActiveCfg = Debug|Any CPU
		{E517578E-6797-46B4-8A08-9C4A432E70CE}.Debug|Any CPU.Build.0 = Debug|Any CPU
		{E517578E-6797-46B4-8A08-9C4A432E70CE}.Debug|x64.ActiveCfg = Debug|Any CPU
		{E517578E-6797-46B4-8A08-9C4A432E70CE}.Debug|x64.Build.0 = Debug|Any CPU
		{E517578E-6797-46B4-8A08-9C4A432E70CE}.Debug|x86.ActiveCfg = Debug|Any CPU
		{E517578E-6797-46B4-8A08-9C4A432E70CE}.Debug|x86.Build.0 = Debug|Any CPU
		{E517578E-6797-46B4-8A08-9C4A432E70CE}.Release|Any CPU.ActiveCfg = Release|Any CPU
		{E517578E-6797-46B4-8A08-9C4A432E70CE}.Release|Any CPU.Build.0 = Release|Any CPU
		{E517578E-6797-46B4-8A08-9C4A432E70CE}.Release|x64.ActiveCfg = Release|Any CPU
		{E517578E-6797-46B4-8A08-9C4A432E70CE}.Release|x64.Build.0 = Release|Any CPU
		{E517578E-6797-46B4-8A08-9C4A432E70CE}.Release|x86.ActiveCfg = Release|Any CPU
		{E517578E-6797-46B4-8A08-9C4A432E70CE}.Release|x86.Build.0 = Release|Any CPU
		{ED3E52EE-E8AA-478D-801C-2A83A91DEA63}.Debug|Any CPU.ActiveCfg = Debug|Any CPU
		{ED3E52EE-E8AA-478D-801C-2A83A91DEA63}.Debug|Any CPU.Build.0 = Debug|Any CPU
		{ED3E52EE-E8AA-478D-801C-2A83A91DEA63}.Debug|x64.ActiveCfg = Debug|Any CPU
		{ED3E52EE-E8AA-478D-801C-2A83A91DEA63}.Debug|x64.Build.0 = Debug|Any CPU
		{ED3E52EE-E8AA-478D-801C-2A83A91DEA63}.Debug|x86.ActiveCfg = Debug|Any CPU
		{ED3E52EE-E8AA-478D-801C-2A83A91DEA63}.Debug|x86.Build.0 = Debug|Any CPU
		{ED3E52EE-E8AA-478D-801C-2A83A91DEA63}.Release|Any CPU.ActiveCfg = Release|Any CPU
		{ED3E52EE-E8AA-478D-801C-2A83A91DEA63}.Release|Any CPU.Build.0 = Release|Any CPU
		{ED3E52EE-E8AA-478D-801C-2A83A91DEA63}.Release|x64.ActiveCfg = Release|Any CPU
		{ED3E52EE-E8AA-478D-801C-2A83A91DEA63}.Release|x64.Build.0 = Release|Any CPU
		{ED3E52EE-E8AA-478D-801C-2A83A91DEA63}.Release|x86.ActiveCfg = Release|Any CPU
		{ED3E52EE-E8AA-478D-801C-2A83A91DEA63}.Release|x86.Build.0 = Release|Any CPU
		{E22F8907-05B5-43CD-9632-7DA92261FD6B}.Debug|Any CPU.ActiveCfg = Debug|Any CPU
		{E22F8907-05B5-43CD-9632-7DA92261FD6B}.Debug|Any CPU.Build.0 = Debug|Any CPU
		{E22F8907-05B5-43CD-9632-7DA92261FD6B}.Debug|x64.ActiveCfg = Debug|Any CPU
		{E22F8907-05B5-43CD-9632-7DA92261FD6B}.Debug|x64.Build.0 = Debug|Any CPU
		{E22F8907-05B5-43CD-9632-7DA92261FD6B}.Debug|x86.ActiveCfg = Debug|Any CPU
		{E22F8907-05B5-43CD-9632-7DA92261FD6B}.Debug|x86.Build.0 = Debug|Any CPU
		{E22F8907-05B5-43CD-9632-7DA92261FD6B}.Release|Any CPU.ActiveCfg = Release|Any CPU
		{E22F8907-05B5-43CD-9632-7DA92261FD6B}.Release|Any CPU.Build.0 = Release|Any CPU
		{E22F8907-05B5-43CD-9632-7DA92261FD6B}.Release|x64.ActiveCfg = Release|Any CPU
		{E22F8907-05B5-43CD-9632-7DA92261FD6B}.Release|x64.Build.0 = Release|Any CPU
		{E22F8907-05B5-43CD-9632-7DA92261FD6B}.Release|x86.ActiveCfg = Release|Any CPU
		{E22F8907-05B5-43CD-9632-7DA92261FD6B}.Release|x86.Build.0 = Release|Any CPU
		{B0047A76-891D-46FD-981F-371EF0C2FCD5}.Debug|Any CPU.ActiveCfg = Debug|Any CPU
		{B0047A76-891D-46FD-981F-371EF0C2FCD5}.Debug|Any CPU.Build.0 = Debug|Any CPU
		{B0047A76-891D-46FD-981F-371EF0C2FCD5}.Debug|x64.ActiveCfg = Debug|Any CPU
		{B0047A76-891D-46FD-981F-371EF0C2FCD5}.Debug|x64.Build.0 = Debug|Any CPU
		{B0047A76-891D-46FD-981F-371EF0C2FCD5}.Debug|x86.ActiveCfg = Debug|Any CPU
		{B0047A76-891D-46FD-981F-371EF0C2FCD5}.Debug|x86.Build.0 = Debug|Any CPU
		{B0047A76-891D-46FD-981F-371EF0C2FCD5}.Release|Any CPU.ActiveCfg = Release|Any CPU
		{B0047A76-891D-46FD-981F-371EF0C2FCD5}.Release|Any CPU.Build.0 = Release|Any CPU
		{B0047A76-891D-46FD-981F-371EF0C2FCD5}.Release|x64.ActiveCfg = Release|Any CPU
		{B0047A76-891D-46FD-981F-371EF0C2FCD5}.Release|x64.Build.0 = Release|Any CPU
		{B0047A76-891D-46FD-981F-371EF0C2FCD5}.Release|x86.ActiveCfg = Release|Any CPU
		{B0047A76-891D-46FD-981F-371EF0C2FCD5}.Release|x86.Build.0 = Release|Any CPU
		{5B54C5A2-7D31-4A7E-9E1B-5F7461CDE10E}.Debug|Any CPU.ActiveCfg = Debug|Any CPU
		{5B54C5A2-7D31-4A7E-9E1B-5F7461CDE10E}.Debug|Any CPU.Build.0 = Debug|Any CPU
		{5B54C5A2-7D31-4A7E-9E1B-5F7461CDE10E}.Debug|x64.ActiveCfg = Debug|Any CPU
		{5B54C5A2-7D31-4A7E-9E1B-5F7461CDE10E}.Debug|x64.Build.0 = Debug|Any CPU
		{5B54C5A2-7D31-4A7E-9E1B-5F7461CDE10E}.Debug|x86.ActiveCfg = Debug|Any CPU
		{5B54C5A2-7D31-4A7E-9E1B-5F7461CDE10E}.Debug|x86.Build.0 = Debug|Any CPU
		{5B54C5A2-7D31-4A7E-9E1B-5F7461CDE10E}.Release|Any CPU.ActiveCfg = Release|Any CPU
		{5B54C5A2-7D31-4A7E-9E1B-5F7461CDE10E}.Release|Any CPU.Build.0 = Release|Any CPU
		{5B54C5A2-7D31-4A7E-9E1B-5F7461CDE10E}.Release|x64.ActiveCfg = Release|Any CPU
		{5B54C5A2-7D31-4A7E-9E1B-5F7461CDE10E}.Release|x64.Build.0 = Release|Any CPU
		{5B54C5A2-7D31-4A7E-9E1B-5F7461CDE10E}.Release|x86.ActiveCfg = Release|Any CPU
		{5B54C5A2-7D31-4A7E-9E1B-5F7461CDE10E}.Release|x86.Build.0 = Release|Any CPU
		{E532B2A9-50FB-401E-A577-13786A99A72A}.Debug|Any CPU.ActiveCfg = Debug|Any CPU
		{E532B2A9-50FB-401E-A577-13786A99A72A}.Debug|Any CPU.Build.0 = Debug|Any CPU
		{E532B2A9-50FB-401E-A577-13786A99A72A}.Debug|x64.ActiveCfg = Debug|Any CPU
		{E532B2A9-50FB-401E-A577-13786A99A72A}.Debug|x64.Build.0 = Debug|Any CPU
		{E532B2A9-50FB-401E-A577-13786A99A72A}.Debug|x86.ActiveCfg = Debug|Any CPU
		{E532B2A9-50FB-401E-A577-13786A99A72A}.Debug|x86.Build.0 = Debug|Any CPU
		{E532B2A9-50FB-401E-A577-13786A99A72A}.Release|Any CPU.ActiveCfg = Release|Any CPU
		{E532B2A9-50FB-401E-A577-13786A99A72A}.Release|Any CPU.Build.0 = Release|Any CPU
		{E532B2A9-50FB-401E-A577-13786A99A72A}.Release|x64.ActiveCfg = Release|Any CPU
		{E532B2A9-50FB-401E-A577-13786A99A72A}.Release|x64.Build.0 = Release|Any CPU
		{E532B2A9-50FB-401E-A577-13786A99A72A}.Release|x86.ActiveCfg = Release|Any CPU
		{E532B2A9-50FB-401E-A577-13786A99A72A}.Release|x86.Build.0 = Release|Any CPU
		{DC6A294E-8AE9-4390-A00C-3458C580015D}.Debug|Any CPU.ActiveCfg = Debug|Any CPU
		{DC6A294E-8AE9-4390-A00C-3458C580015D}.Debug|Any CPU.Build.0 = Debug|Any CPU
		{DC6A294E-8AE9-4390-A00C-3458C580015D}.Debug|x64.ActiveCfg = Debug|Any CPU
		{DC6A294E-8AE9-4390-A00C-3458C580015D}.Debug|x64.Build.0 = Debug|Any CPU
		{DC6A294E-8AE9-4390-A00C-3458C580015D}.Debug|x86.ActiveCfg = Debug|Any CPU
		{DC6A294E-8AE9-4390-A00C-3458C580015D}.Debug|x86.Build.0 = Debug|Any CPU
		{DC6A294E-8AE9-4390-A00C-3458C580015D}.Release|Any CPU.ActiveCfg = Release|Any CPU
		{DC6A294E-8AE9-4390-A00C-3458C580015D}.Release|Any CPU.Build.0 = Release|Any CPU
		{DC6A294E-8AE9-4390-A00C-3458C580015D}.Release|x64.ActiveCfg = Release|Any CPU
		{DC6A294E-8AE9-4390-A00C-3458C580015D}.Release|x64.Build.0 = Release|Any CPU
		{DC6A294E-8AE9-4390-A00C-3458C580015D}.Release|x86.ActiveCfg = Release|Any CPU
		{DC6A294E-8AE9-4390-A00C-3458C580015D}.Release|x86.Build.0 = Release|Any CPU
	EndGlobalSection
	GlobalSection(SolutionProperties) = preSolution
		HideSolutionNode = FALSE
	EndGlobalSection
	GlobalSection(NestedProjects) = preSolution
		{A50634CC-CE81-48B2-AAC0-370714BA4F4A} = {827E0CD3-B72D-47B6-A68D-7590B98EB39B}
		{E517578E-6797-46B4-8A08-9C4A432E70CE} = {827E0CD3-B72D-47B6-A68D-7590B98EB39B}
		{ED3E52EE-E8AA-478D-801C-2A83A91DEA63} = {0AB3BF05-4346-4AA6-1389-037BE0695223}
		{E22F8907-05B5-43CD-9632-7DA92261FD6B} = {0AB3BF05-4346-4AA6-1389-037BE0695223}
		{B0047A76-891D-46FD-981F-371EF0C2FCD5} = {0AB3BF05-4346-4AA6-1389-037BE0695223}
		{E532B2A9-50FB-401E-A577-13786A99A72A} = {827E0CD3-B72D-47B6-A68D-7590B98EB39B}
		{DC6A294E-8AE9-4390-A00C-3458C580015D} = {827E0CD3-B72D-47B6-A68D-7590B98EB39B}
		{5B54C5A2-7D31-4A7E-9E1B-5F7461CDE10E} = {0AB3BF05-4346-4AA6-1389-037BE0695223}
	EndGlobalSection
EndGlobal
